# @generated by Move, please check-in and do not edit manually.

[move]
version = 3
manifest_digest = "E284EDA471035D67B22EEDCEEC646C5680D7E45A9FA236B557D67FEA4F79AEF1"
deps_digest = "52B406A7A21811BEF51751CF88DA0E76DAEFFEAC888D4F4060B1A72BBE7D8D35"
dependencies = [
  { id = "DeepBook", name = "DeepBook" },
  { id = "MoveStdlib", name = "MoveStdlib" },
  { id = "SelfDrivingYield", name = "SelfDrivingYield" },
  { id = "Sui", name = "Sui" },
  { id = "SuiProver", name = "SuiProver" },
  { id = "SuiSystem", name = "SuiSystem" },
]

[[move.package]]
id = "CetusClmm"
source = { git = "https://github.com/CetusProtocol/cetus-contracts.git", rev = "0a90d59cef9fa86485d81b11cb07a651d76ed360", subdir = "packages/cetus_clmm" }

dependencies = [
  { id = "DeepBook", name = "DeepBook" },
  { id = "IntegerMate", name = "IntegerMate" },
  { id = "MoveSTL", name = "MoveSTL" },
  { id = "MoveStdlib", name = "MoveStdlib" },
  { id = "Sui", name = "Sui" },
  { id = "SuiProver", name = "SuiProver" },
  { id = "SuiSystem", name = "SuiSystem" },
]

[[move.package]]
id = "DeepBook"
source = { git = "https://github.com/asymptotic-code/sui.git", rev = "next", subdir = "crates/sui-framework/packages/deepbook" }

dependencies = [
  { id = "MoveStdlib", name = "MoveStdlib" },
  { id = "Sui", name = "Sui" },
]

[[move.package]]
id = "IntegerMate"
source = { git = "https://github.com/CetusProtocol/integer-mate.git", rev = "testnet-v1.3.0", subdir = "" }

dependencies = [
  { id = "DeepBook", name = "DeepBook" },
  { id = "MoveStdlib", name = "MoveStdlib" },
  { id = "Sui", name = "Sui" },
  { id = "SuiProver", name = "SuiProver" },
  { id = "SuiSystem", name = "SuiSystem" },
]

[[move.package]]
id = "MoveSTL"
source = { git = "https://github.com/CetusProtocol/move-stl.git", rev = "testnet-v1.3.0", subdir = "" }

dependencies = [
  { id = "DeepBook", name = "DeepBook" },
  { id = "MoveStdlib", name = "MoveStdlib" },
  { id = "Sui", name = "Sui" },
  { id = "SuiProver", name = "SuiProver" },
  { id = "SuiSystem", name = "SuiSystem" },
]

[[move.package]]
id = "MoveStdlib"
source = { git = "https://github.com/asymptotic-code/sui.git", rev = "next", subdir = "crates/sui-framework/packages/move-stdlib" }

[[move.package]]
id = "Prover"
source = { git = "https://github.com/asymptotic-code/sui-prover.git", rev = "main", subdir = "packages/prover" }

dependencies = [
  { id = "MoveStdlib", name = "MoveStdlib" },
]

[[move.package]]
id = "SelfDrivingYield"
source = { local = "../sui" }

dependencies = [
  { id = "CetusClmm", name = "CetusClmm" },
  { id = "DeepBook", name = "DeepBook" },
  { id = "MoveStdlib", name = "MoveStdlib" },
  { id = "Sui", name = "Sui" },
  { id = "SuiProver", name = "SuiProver" },
  { id = "SuiSystem", name = "SuiSystem" },
]

[[move.package]]
id = "Sui"
source = { git = "https://github.com/asymptotic-code/sui.git", rev = "next", subdir = "crates/sui-framework/packages/sui-framework" }

dependencies = [
  { id = "MoveStdlib", name = "MoveStdlib" },
]

[[move.package]]
id = "SuiProver"
source = { git = "https://github.com/asymptotic-code/sui-prover.git", rev = "main", subdir = "packages/sui-prover" }

dependencies = [
  { id = "SuiSpecs", name = "SuiSpecs" },
]

[[move.package]]
id = "SuiSpecs"
source = { git = "https://github.com/asymptotic-code/sui-prover.git", rev = "main", subdir = "packages/sui-specs" }

dependencies = [
  { id = "Prover", name = "Prover" },
  { id = "Sui", name = "Sui" },
]

[[move.package]]
id = "SuiSystem"
source = { git = "https://github.com/asymptotic-code/sui.git", rev = "next", subdir = "crates/sui-framework/packages/sui-system" }

dependencies = [
  { id = "MoveStdlib", name = "MoveStdlib" },
  { id = "Sui", name = "Sui" },
]
